
Microsoft Visual Studio Solution File, Format Version 12.00
# Visual Studio Version 16
VisualStudioVersion = 16.0.28721.148
MinimumVisualStudioVersion = 10.0.40219.1
Project("{FAE04EC0-301F-11D3-BF4B-00C04F79EFBC}") = "CharacterCreationLib", "CharacterCreationLib\CharacterCreationLib.csproj", "{41AA5B9C-47A6-4623-9462-71B63C9ABA2D}"
EndProject
Project("{FAE04EC0-301F-11D3-BF4B-00C04F79EFBC}") = "CharacterCreationForms", "CharacterCreationForms\CharacterCreationForms.csproj", "{EDD23366-CC02-4192-9E70-90B9E317E65A}"
EndProject
Project("{FAE04EC0-301F-11D3-BF4B-00C04F79EFBC}") = "MainNavigationForms", "MainNavigationForms\MainNavigationForms.csproj", "{2C97A26A-1779-468F-A405-0882E64FFB3F}"
EndProject
Project("{FAE04EC0-301F-11D3-BF4B-00C04F79EFBC}") = "CampaignCreationForms", "CampaignCreationForms\CampaignCreationForms.csproj", "{460A35E4-89D7-4E72-A2CD-68B1AC040768}"
EndProject
Project("{FAE04EC0-301F-11D3-BF4B-00C04F79EFBC}") = "UserManagementLib", "UserManagementLib\UserManagementLib.csproj", "{D367C825-1B57-444C-9FDB-F31CC8473CEB}"
EndProject
Project("{FAE04EC0-301F-11D3-BF4B-00C04F79EFBC}") = "DiceRollForms", "DiceRollForms\DiceRollForms.csproj", "{B10D402A-A877-4CFB-8840-AE8385EBFEFC}"
EndProject
Project("{FAE04EC0-301F-11D3-BF4B-00C04F79EFBC}") = "EncyclopaediaForms", "EncyclopaediaForms\EncyclopaediaForms.csproj", "{BBB34E5A-3B13-49E3-9497-7A21DEFDF62E}"
EndProject
Project("{FAE04EC0-301F-11D3-BF4B-00C04F79EFBC}") = "DnDWebApp", "DnDWebApp\DnDWebApp.csproj", "{7F9242A8-FF2E-4886-A841-3E82EEEF457A}"
EndProject
Project("{FAE04EC0-301F-11D3-BF4B-00C04F79EFBC}") = "DnDSQLLib", "DnDSQLLib\DnDSQLLib.csproj", "{493C68B7-A3A3-4BD6-AEDA-EEB19326511E}"
EndProject
Global
	GlobalSection(SolutionConfigurationPlatforms) = preSolution
		Debug|Any CPU = Debug|Any CPU
		Release|Any CPU = Release|Any CPU
	EndGlobalSection
	GlobalSection(ProjectConfigurationPlatforms) = postSolution
		{41AA5B9C-47A6-4623-9462-71B63C9ABA2D}.Debug|Any CPU.ActiveCfg = Debug|Any CPU
		{41AA5B9C-47A6-4623-9462-71B63C9ABA2D}.Debug|Any CPU.Build.0 = Debug|Any CPU
		{41AA5B9C-47A6-4623-9462-71B63C9ABA2D}.Release|Any CPU.ActiveCfg = Release|Any CPU
		{41AA5B9C-47A6-4623-9462-71B63C9ABA2D}.Release|Any CPU.Build.0 = Release|Any CPU
		{EDD23366-CC02-4192-9E70-90B9E317E65A}.Debug|Any CPU.ActiveCfg = Debug|Any CPU
		{EDD23366-CC02-4192-9E70-90B9E317E65A}.Debug|Any CPU.Build.0 = Debug|Any CPU
		{EDD23366-CC02-4192-9E70-90B9E317E65A}.Release|Any CPU.ActiveCfg = Release|Any CPU
		{EDD23366-CC02-4192-9E70-90B9E317E65A}.Release|Any CPU.Build.0 = Release|Any CPU
		{2C97A26A-1779-468F-A405-0882E64FFB3F}.Debug|Any CPU.ActiveCfg = Debug|Any CPU
		{2C97A26A-1779-468F-A405-0882E64FFB3F}.Debug|Any CPU.Build.0 = Debug|Any CPU
		{2C97A26A-1779-468F-A405-0882E64FFB3F}.Release|Any CPU.ActiveCfg = Release|Any CPU
		{2C97A26A-1779-468F-A405-0882E64FFB3F}.Release|Any CPU.Build.0 = Release|Any CPU
		{460A35E4-89D7-4E72-A2CD-68B1AC040768}.Debug|Any CPU.ActiveCfg = Debug|Any CPU
		{460A35E4-89D7-4E72-A2CD-68B1AC040768}.Debug|Any CPU.Build.0 = Debug|Any CPU
		{460A35E4-89D7-4E72-A2CD-68B1AC040768}.Release|Any CPU.ActiveCfg = Release|Any CPU
		{460A35E4-89D7-4E72-A2CD-68B1AC040768}.Release|Any CPU.Build.0 = Release|Any CPU
		{D367C825-1B57-444C-9FDB-F31CC8473CEB}.Debug|Any CPU.ActiveCfg = Debug|Any CPU
		{D367C825-1B57-444C-9FDB-F31CC8473CEB}.Debug|Any CPU.Build.0 = Debug|Any CPU
		{D367C825-1B57-444C-9FDB-F31CC8473CEB}.Release|Any CPU.ActiveCfg = Release|Any CPU
		{D367C825-1B57-444C-9FDB-F31CC8473CEB}.Release|Any CPU.Build.0 = Release|Any CPU
		{B10D402A-A877-4CFB-8840-AE8385EBFEFC}.Debug|Any CPU.ActiveCfg = Debug|Any CPU
		{B10D402A-A877-4CFB-8840-AE8385EBFEFC}.Debug|Any CPU.Build.0 = Debug|Any CPU
		{B10D402A-A877-4CFB-8840-AE8385EBFEFC}.Release|Any CPU.ActiveCfg = Release|Any CPU
		{B10D402A-A877-4CFB-8840-AE8385EBFEFC}.Release|Any CPU.Build.0 = Release|Any CPU
		{BBB34E5A-3B13-49E3-9497-7A21DEFDF62E}.Debug|Any CPU.ActiveCfg = Debug|Any CPU
		{BBB34E5A-3B13-49E3-9497-7A21DEFDF62E}.Debug|Any CPU.Build.0 = Debug|Any CPU
		{BBB34E5A-3B13-49E3-9497-7A21DEFDF62E}.Release|Any CPU.ActiveCfg = Release|Any CPU
		{BBB34E5A-3B13-49E3-9497-7A21DEFDF62E}.Release|Any CPU.Build.0 = Release|Any CPU
		{7F9242A8-FF2E-4886-A841-3E82EEEF457A}.Debug|Any CPU.ActiveCfg = Debug|Any CPU
		{7F9242A8-FF2E-4886-A841-3E82EEEF457A}.Debug|Any CPU.Build.0 = Debug|Any CPU
		{7F9242A8-FF2E-4886-A841-3E82EEEF457A}.Release|Any CPU.ActiveCfg = Release|Any CPU
		{7F9242A8-FF2E-4886-A841-3E82EEEF457A}.Release|Any CPU.Build.0 = Release|Any CPU
		{493C68B7-A3A3-4BD6-AEDA-EEB19326511E}.Debug|Any CPU.ActiveCfg = Debug|Any CPU
		{493C68B7-A3A3-4BD6-AEDA-EEB19326511E}.Debug|Any CPU.Build.0 = Debug|Any CPU
		{493C68B7-A3A3-4BD6-AEDA-EEB19326511E}.Release|Any CPU.ActiveCfg = Release|Any CPU
		{493C68B7-A3A3-4BD6-AEDA-EEB19326511E}.Release|Any CPU.Build.0 = Release|Any CPU
	EndGlobalSection
	GlobalSection(SolutionProperties) = preSolution
		HideSolutionNode = FALSE
	EndGlobalSection
	GlobalSection(ExtensibilityGlobals) = postSolution
		SolutionGuid = {A68EEF2E-8101-4F42-9C42-9F8D8EEF4FA3}
	EndGlobalSection
EndGlobal
