
Microsoft Visual Studio Solution File, Format Version 12.00
# Visual Studio 15
VisualStudioVersion = 15.0.28307.168
MinimumVisualStudioVersion = 10.0.40219.1
Project("{FAE04EC0-301F-11D3-BF4B-00C04F79EFBC}") = "CharacterCreationLib", "CharacterCreationLib\CharacterCreationLib.csproj", "{41AA5B9C-47A6-4623-9462-71B63C9ABA2D}"
EndProject
Project("{FAE04EC0-301F-11D3-BF4B-00C04F79EFBC}") = "UserManagementLib", "UserManagementLib\UserManagementLib.csproj", "{D367C825-1B57-444C-9FDB-F31CC8473CEB}"
EndProject
Project("{FAE04EC0-301F-11D3-BF4B-00C04F79EFBC}") = "DnDWebApp", "DnDWebApp\DnDWebApp.csproj", "{7F9242A8-FF2E-4886-A841-3E82EEEF457A}"
EndProject
Project("{FAE04EC0-301F-11D3-BF4B-00C04F79EFBC}") = "DnDSQLLib", "DnDSQLLib\DnDSQLLib.csproj", "{493C68B7-A3A3-4BD6-AEDA-EEB19326511E}"
EndProject
Project("{00D1A9C2-B5F0-4AF3-8072-F6C62B433612}") = "DnDDb", "DnDDb\DnDDb.sqlproj", "{BAE7DAD7-6107-4AE1-93E3-4CC86DA8AC9E}"
EndProject
Global
	GlobalSection(SolutionConfigurationPlatforms) = preSolution
		Debug|Any CPU = Debug|Any CPU
		Release|Any CPU = Release|Any CPU
	EndGlobalSection
	GlobalSection(ProjectConfigurationPlatforms) = postSolution
		{41AA5B9C-47A6-4623-9462-71B63C9ABA2D}.Debug|Any CPU.ActiveCfg = Debug|Any CPU
		{41AA5B9C-47A6-4623-9462-71B63C9ABA2D}.Debug|Any CPU.Build.0 = Debug|Any CPU
		{41AA5B9C-47A6-4623-9462-71B63C9ABA2D}.Release|Any CPU.ActiveCfg = Release|Any CPU
		{41AA5B9C-47A6-4623-9462-71B63C9ABA2D}.Release|Any CPU.Build.0 = Release|Any CPU
		{D367C825-1B57-444C-9FDB-F31CC8473CEB}.Debug|Any CPU.ActiveCfg = Debug|Any CPU
		{D367C825-1B57-444C-9FDB-F31CC8473CEB}.Debug|Any CPU.Build.0 = Debug|Any CPU
		{D367C825-1B57-444C-9FDB-F31CC8473CEB}.Release|Any CPU.ActiveCfg = Release|Any CPU
		{D367C825-1B57-444C-9FDB-F31CC8473CEB}.Release|Any CPU.Build.0 = Release|Any CPU
		{7F9242A8-FF2E-4886-A841-3E82EEEF457A}.Debug|Any CPU.ActiveCfg = Debug|Any CPU
		{7F9242A8-FF2E-4886-A841-3E82EEEF457A}.Debug|Any CPU.Build.0 = Debug|Any CPU
		{7F9242A8-FF2E-4886-A841-3E82EEEF457A}.Release|Any CPU.ActiveCfg = Release|Any CPU
		{7F9242A8-FF2E-4886-A841-3E82EEEF457A}.Release|Any CPU.Build.0 = Release|Any CPU
		{493C68B7-A3A3-4BD6-AEDA-EEB19326511E}.Debug|Any CPU.ActiveCfg = Debug|Any CPU
		{493C68B7-A3A3-4BD6-AEDA-EEB19326511E}.Debug|Any CPU.Build.0 = Debug|Any CPU
		{493C68B7-A3A3-4BD6-AEDA-EEB19326511E}.Release|Any CPU.ActiveCfg = Release|Any CPU
		{493C68B7-A3A3-4BD6-AEDA-EEB19326511E}.Release|Any CPU.Build.0 = Release|Any CPU
		{BAE7DAD7-6107-4AE1-93E3-4CC86DA8AC9E}.Debug|Any CPU.ActiveCfg = Debug|Any CPU
		{BAE7DAD7-6107-4AE1-93E3-4CC86DA8AC9E}.Debug|Any CPU.Build.0 = Debug|Any CPU
		{BAE7DAD7-6107-4AE1-93E3-4CC86DA8AC9E}.Debug|Any CPU.Deploy.0 = Debug|Any CPU
		{BAE7DAD7-6107-4AE1-93E3-4CC86DA8AC9E}.Release|Any CPU.ActiveCfg = Release|Any CPU
		{BAE7DAD7-6107-4AE1-93E3-4CC86DA8AC9E}.Release|Any CPU.Build.0 = Release|Any CPU
		{BAE7DAD7-6107-4AE1-93E3-4CC86DA8AC9E}.Release|Any CPU.Deploy.0 = Release|Any CPU
	EndGlobalSection
	GlobalSection(SolutionProperties) = preSolution
		HideSolutionNode = FALSE
	EndGlobalSection
	GlobalSection(ExtensibilityGlobals) = postSolution
		SolutionGuid = {A68EEF2E-8101-4F42-9C42-9F8D8EEF4FA3}
	EndGlobalSection
EndGlobal
